
Microsoft Visual Studio Solution File, Format Version 12.00
# Visual Studio 2017
Project("{FAE04EC0-301F-11D3-BF4B-00C04F79EFBC}") = "PaperInvader", "PaperInvader.csproj", "{283B5FB6-BF36-841A-AF9A-9E407D69A871}"
EndProject
Project("{FAE04EC0-301F-11D3-BF4B-00C04F79EFBC}") = "PaperInvader.Editor", "PaperInvader.Editor.csproj", "{7B6FF38C-6CF4-F66F-1D33-9C05EF243250}"
EndProject
Project("{FAE04EC0-301F-11D3-BF4B-00C04F79EFBC}") = "PaperInvader.Editor", "PaperInvader.Editor.csproj", "{7B6FF38C-6CF4-F66F-1D33-9C05EF243250}"
EndProject
Project("{FAE04EC0-301F-11D3-BF4B-00C04F79EFBC}") = "PaperInvader.Editor", "PaperInvader.Editor.csproj", "{7B6FF38C-6CF4-F66F-1D33-9C05EF243250}"
EndProject
Global
	GlobalSection(SolutionConfigurationPlatforms) = preSolution
		Debug|Any CPU = Debug|Any CPU
		Release|Any CPU = Release|Any CPU
	EndGlobalSection
	GlobalSection(ProjectConfigurationPlatforms) = postSolution
		{283B5FB6-BF36-841A-AF9A-9E407D69A871}.Debug|Any CPU.ActiveCfg = Debug|Any CPU
		{283B5FB6-BF36-841A-AF9A-9E407D69A871}.Debug|Any CPU.Build.0 = Debug|Any CPU
		{283B5FB6-BF36-841A-AF9A-9E407D69A871}.Release|Any CPU.ActiveCfg = Release|Any CPU
		{283B5FB6-BF36-841A-AF9A-9E407D69A871}.Release|Any CPU.Build.0 = Release|Any CPU
		{7B6FF38C-6CF4-F66F-1D33-9C05EF243250}.Debug|Any CPU.ActiveCfg = Debug|Any CPU
		{7B6FF38C-6CF4-F66F-1D33-9C05EF243250}.Debug|Any CPU.Build.0 = Debug|Any CPU
		{7B6FF38C-6CF4-F66F-1D33-9C05EF243250}.Release|Any CPU.ActiveCfg = Release|Any CPU
		{7B6FF38C-6CF4-F66F-1D33-9C05EF243250}.Release|Any CPU.Build.0 = Release|Any CPU
		{7B6FF38C-6CF4-F66F-1D33-9C05EF243250}.Debug|Any CPU.ActiveCfg = Debug|Any CPU
		{7B6FF38C-6CF4-F66F-1D33-9C05EF243250}.Debug|Any CPU.Build.0 = Debug|Any CPU
		{7B6FF38C-6CF4-F66F-1D33-9C05EF243250}.Release|Any CPU.ActiveCfg = Release|Any CPU
		{7B6FF38C-6CF4-F66F-1D33-9C05EF243250}.Release|Any CPU.Build.0 = Release|Any CPU
		{7B6FF38C-6CF4-F66F-1D33-9C05EF243250}.Debug|Any CPU.ActiveCfg = Debug|Any CPU
		{7B6FF38C-6CF4-F66F-1D33-9C05EF243250}.Debug|Any CPU.Build.0 = Debug|Any CPU
		{7B6FF38C-6CF4-F66F-1D33-9C05EF243250}.Release|Any CPU.ActiveCfg = Release|Any CPU
		{7B6FF38C-6CF4-F66F-1D33-9C05EF243250}.Release|Any CPU.Build.0 = Release|Any CPU
	EndGlobalSection
	GlobalSection(SolutionProperties) = preSolution
		HideSolutionNode = FALSE
	EndGlobalSection
EndGlobal
