
Microsoft Visual Studio Solution File, Format Version 12.00
# Visual Studio 2017
Project("{FAE04EC0-301F-11D3-BF4B-00C04F79EFBC}") = "EscapeFromNote", "EscapeFromNote.csproj", "{88CB73F8-497A-A210-009D-08F391E18628}"
EndProject
Project("{FAE04EC0-301F-11D3-BF4B-00C04F79EFBC}") = "EscapeFromNote", "EscapeFromNote.csproj", "{88CB73F8-497A-A210-009D-08F391E18628}"
EndProject
Project("{FAE04EC0-301F-11D3-BF4B-00C04F79EFBC}") = "EscapeFromNote", "EscapeFromNote.csproj", "{88CB73F8-497A-A210-009D-08F391E18628}"
EndProject
Project("{FAE04EC0-301F-11D3-BF4B-00C04F79EFBC}") = "EscapeFromNote", "EscapeFromNote.csproj", "{88CB73F8-497A-A210-009D-08F391E18628}"
EndProject
Project("{FAE04EC0-301F-11D3-BF4B-00C04F79EFBC}") = "EscapeFromNote", "EscapeFromNote.csproj", "{88CB73F8-497A-A210-009D-08F391E18628}"
EndProject
Project("{FAE04EC0-301F-11D3-BF4B-00C04F79EFBC}") = "EscapeFromNote", "EscapeFromNote.csproj", "{88CB73F8-497A-A210-009D-08F391E18628}"
EndProject
Project("{FAE04EC0-301F-11D3-BF4B-00C04F79EFBC}") = "EscapeFromNote.Editor", "EscapeFromNote.Editor.csproj", "{540E8FF2-B1FC-6095-3D51-8D861D4F2DEA}"
EndProject
Project("{FAE04EC0-301F-11D3-BF4B-00C04F79EFBC}") = "EscapeFromNote.Editor", "EscapeFromNote.Editor.csproj", "{540E8FF2-B1FC-6095-3D51-8D861D4F2DEA}"
EndProject
Project("{FAE04EC0-301F-11D3-BF4B-00C04F79EFBC}") = "EscapeFromNote.Editor", "EscapeFromNote.Editor.csproj", "{540E8FF2-B1FC-6095-3D51-8D861D4F2DEA}"
EndProject
Project("{FAE04EC0-301F-11D3-BF4B-00C04F79EFBC}") = "EscapeFromNote.Editor", "EscapeFromNote.Editor.csproj", "{540E8FF2-B1FC-6095-3D51-8D861D4F2DEA}"
EndProject
Project("{FAE04EC0-301F-11D3-BF4B-00C04F79EFBC}") = "EscapeFromNote.Editor", "EscapeFromNote.Editor.csproj", "{540E8FF2-B1FC-6095-3D51-8D861D4F2DEA}"
EndProject
Project("{FAE04EC0-301F-11D3-BF4B-00C04F79EFBC}") = "EscapeFromNote.Editor", "EscapeFromNote.Editor.csproj", "{540E8FF2-B1FC-6095-3D51-8D861D4F2DEA}"
EndProject
Project("{FAE04EC0-301F-11D3-BF4B-00C04F79EFBC}") = "EscapeFromNote.Editor", "EscapeFromNote.Editor.csproj", "{540E8FF2-B1FC-6095-3D51-8D861D4F2DEA}"
EndProject
Global
	GlobalSection(SolutionConfigurationPlatforms) = preSolution
		Debug|Any CPU = Debug|Any CPU
		Release|Any CPU = Release|Any CPU
	EndGlobalSection
	GlobalSection(ProjectConfigurationPlatforms) = postSolution
		{88CB73F8-497A-A210-009D-08F391E18628}.Debug|Any CPU.ActiveCfg = Debug|Any CPU
		{88CB73F8-497A-A210-009D-08F391E18628}.Debug|Any CPU.Build.0 = Debug|Any CPU
		{88CB73F8-497A-A210-009D-08F391E18628}.Release|Any CPU.ActiveCfg = Release|Any CPU
		{88CB73F8-497A-A210-009D-08F391E18628}.Release|Any CPU.Build.0 = Release|Any CPU
		{88CB73F8-497A-A210-009D-08F391E18628}.Debug|Any CPU.ActiveCfg = Debug|Any CPU
		{88CB73F8-497A-A210-009D-08F391E18628}.Debug|Any CPU.Build.0 = Debug|Any CPU
		{88CB73F8-497A-A210-009D-08F391E18628}.Release|Any CPU.ActiveCfg = Release|Any CPU
		{88CB73F8-497A-A210-009D-08F391E18628}.Release|Any CPU.Build.0 = Release|Any CPU
		{88CB73F8-497A-A210-009D-08F391E18628}.Debug|Any CPU.ActiveCfg = Debug|Any CPU
		{88CB73F8-497A-A210-009D-08F391E18628}.Debug|Any CPU.Build.0 = Debug|Any CPU
		{88CB73F8-497A-A210-009D-08F391E18628}.Release|Any CPU.ActiveCfg = Release|Any CPU
		{88CB73F8-497A-A210-009D-08F391E18628}.Release|Any CPU.Build.0 = Release|Any CPU
		{88CB73F8-497A-A210-009D-08F391E18628}.Debug|Any CPU.ActiveCfg = Debug|Any CPU
		{88CB73F8-497A-A210-009D-08F391E18628}.Debug|Any CPU.Build.0 = Debug|Any CPU
		{88CB73F8-497A-A210-009D-08F391E18628}.Release|Any CPU.ActiveCfg = Release|Any CPU
		{88CB73F8-497A-A210-009D-08F391E18628}.Release|Any CPU.Build.0 = Release|Any CPU
		{88CB73F8-497A-A210-009D-08F391E18628}.Debug|Any CPU.ActiveCfg = Debug|Any CPU
		{88CB73F8-497A-A210-009D-08F391E18628}.Debug|Any CPU.Build.0 = Debug|Any CPU
		{88CB73F8-497A-A210-009D-08F391E18628}.Release|Any CPU.ActiveCfg = Release|Any CPU
		{88CB73F8-497A-A210-009D-08F391E18628}.Release|Any CPU.Build.0 = Release|Any CPU
		{88CB73F8-497A-A210-009D-08F391E18628}.Debug|Any CPU.ActiveCfg = Debug|Any CPU
		{88CB73F8-497A-A210-009D-08F391E18628}.Debug|Any CPU.Build.0 = Debug|Any CPU
		{88CB73F8-497A-A210-009D-08F391E18628}.Release|Any CPU.ActiveCfg = Release|Any CPU
		{88CB73F8-497A-A210-009D-08F391E18628}.Release|Any CPU.Build.0 = Release|Any CPU
		{540E8FF2-B1FC-6095-3D51-8D861D4F2DEA}.Debug|Any CPU.ActiveCfg = Debug|Any CPU
		{540E8FF2-B1FC-6095-3D51-8D861D4F2DEA}.Debug|Any CPU.Build.0 = Debug|Any CPU
		{540E8FF2-B1FC-6095-3D51-8D861D4F2DEA}.Release|Any CPU.ActiveCfg = Release|Any CPU
		{540E8FF2-B1FC-6095-3D51-8D861D4F2DEA}.Release|Any CPU.Build.0 = Release|Any CPU
		{540E8FF2-B1FC-6095-3D51-8D861D4F2DEA}.Debug|Any CPU.ActiveCfg = Debug|Any CPU
		{540E8FF2-B1FC-6095-3D51-8D861D4F2DEA}.Debug|Any CPU.Build.0 = Debug|Any CPU
		{540E8FF2-B1FC-6095-3D51-8D861D4F2DEA}.Release|Any CPU.ActiveCfg = Release|Any CPU
		{540E8FF2-B1FC-6095-3D51-8D861D4F2DEA}.Release|Any CPU.Build.0 = Release|Any CPU
		{540E8FF2-B1FC-6095-3D51-8D861D4F2DEA}.Debug|Any CPU.ActiveCfg = Debug|Any CPU
		{540E8FF2-B1FC-6095-3D51-8D861D4F2DEA}.Debug|Any CPU.Build.0 = Debug|Any CPU
		{540E8FF2-B1FC-6095-3D51-8D861D4F2DEA}.Release|Any CPU.ActiveCfg = Release|Any CPU
		{540E8FF2-B1FC-6095-3D51-8D861D4F2DEA}.Release|Any CPU.Build.0 = Release|Any CPU
		{540E8FF2-B1FC-6095-3D51-8D861D4F2DEA}.Debug|Any CPU.ActiveCfg = Debug|Any CPU
		{540E8FF2-B1FC-6095-3D51-8D861D4F2DEA}.Debug|Any CPU.Build.0 = Debug|Any CPU
		{540E8FF2-B1FC-6095-3D51-8D861D4F2DEA}.Release|Any CPU.ActiveCfg = Release|Any CPU
		{540E8FF2-B1FC-6095-3D51-8D861D4F2DEA}.Release|Any CPU.Build.0 = Release|Any CPU
		{540E8FF2-B1FC-6095-3D51-8D861D4F2DEA}.Debug|Any CPU.ActiveCfg = Debug|Any CPU
		{540E8FF2-B1FC-6095-3D51-8D861D4F2DEA}.Debug|Any CPU.Build.0 = Debug|Any CPU
		{540E8FF2-B1FC-6095-3D51-8D861D4F2DEA}.Release|Any CPU.ActiveCfg = Release|Any CPU
		{540E8FF2-B1FC-6095-3D51-8D861D4F2DEA}.Release|Any CPU.Build.0 = Release|Any CPU
		{540E8FF2-B1FC-6095-3D51-8D861D4F2DEA}.Debug|Any CPU.ActiveCfg = Debug|Any CPU
		{540E8FF2-B1FC-6095-3D51-8D861D4F2DEA}.Debug|Any CPU.Build.0 = Debug|Any CPU
		{540E8FF2-B1FC-6095-3D51-8D861D4F2DEA}.Release|Any CPU.ActiveCfg = Release|Any CPU
		{540E8FF2-B1FC-6095-3D51-8D861D4F2DEA}.Release|Any CPU.Build.0 = Release|Any CPU
		{540E8FF2-B1FC-6095-3D51-8D861D4F2DEA}.Debug|Any CPU.ActiveCfg = Debug|Any CPU
		{540E8FF2-B1FC-6095-3D51-8D861D4F2DEA}.Debug|Any CPU.Build.0 = Debug|Any CPU
		{540E8FF2-B1FC-6095-3D51-8D861D4F2DEA}.Release|Any CPU.ActiveCfg = Release|Any CPU
		{540E8FF2-B1FC-6095-3D51-8D861D4F2DEA}.Release|Any CPU.Build.0 = Release|Any CPU
	EndGlobalSection
	GlobalSection(SolutionProperties) = preSolution
		HideSolutionNode = FALSE
	EndGlobalSection
EndGlobal
